Microsoft Visual Studio Solution File, Format Version 11.00
# Visual Studio 2008

Project("{DF6011AD-0853-35D1-8BAB-0539BF1A6648}") = "MaverickCrossa", "Assembly-CSharp-firstpass-vs.csproj", "{EA24AF4C-70C0-394E-989C-DA38068838A3}"
EndProject
Project("{DF6011AD-0853-35D1-8BAB-0539BF1A6648}") = "MaverickCrossa", "Assembly-CSharp-vs.csproj", "{1F54B09E-74B4-34B6-C81E-24C57D2CED4D}"
EndProject
Project("{DF6011AD-0853-35D1-8BAB-0539BF1A6648}") = "MaverickCrossa", "Assembly-CSharp-Editor-vs.csproj", "{BF202DB0-72DF-E638-F472-7295302DC439}"
EndProject
Global
	GlobalSection(SolutionConfigurationPlatforms) = preSolution
		Debug|Any CPU = Debug|Any CPU
		Release|Any CPU = Release|Any CPU
	EndGlobalSection
	GlobalSection(ProjectConfigurationPlatforms) = postSolution
		{EA24AF4C-70C0-394E-989C-DA38068838A3}.Debug|Any CPU.ActiveCfg = Debug|Any CPU
		{EA24AF4C-70C0-394E-989C-DA38068838A3}.Debug|Any CPU.Build.0 = Debug|Any CPU
		{EA24AF4C-70C0-394E-989C-DA38068838A3}.Release|Any CPU.ActiveCfg = Release|Any CPU
		{EA24AF4C-70C0-394E-989C-DA38068838A3}.Release|Any CPU.Build.0 = Release|Any CPU
		{1F54B09E-74B4-34B6-C81E-24C57D2CED4D}.Debug|Any CPU.ActiveCfg = Debug|Any CPU
		{1F54B09E-74B4-34B6-C81E-24C57D2CED4D}.Debug|Any CPU.Build.0 = Debug|Any CPU
		{1F54B09E-74B4-34B6-C81E-24C57D2CED4D}.Release|Any CPU.ActiveCfg = Release|Any CPU
		{1F54B09E-74B4-34B6-C81E-24C57D2CED4D}.Release|Any CPU.Build.0 = Release|Any CPU
		{BF202DB0-72DF-E638-F472-7295302DC439}.Debug|Any CPU.ActiveCfg = Debug|Any CPU
		{BF202DB0-72DF-E638-F472-7295302DC439}.Debug|Any CPU.Build.0 = Debug|Any CPU
		{BF202DB0-72DF-E638-F472-7295302DC439}.Release|Any CPU.ActiveCfg = Release|Any CPU
		{BF202DB0-72DF-E638-F472-7295302DC439}.Release|Any CPU.Build.0 = Release|Any CPU
	EndGlobalSection
	GlobalSection(SolutionProperties) = preSolution
		HideSolutionNode = FALSE
	EndGlobalSection
																																																																																																																																																																																								GlobalSection(MonoDevelopProperties) = preSolution
		StartupItem = Assembly-CSharp.csproj
		Policies = $0
		$0.TextStylePolicy = $1
		$1.inheritsSet = null
		$1.scope = text/x-csharp
		$0.CSharpFormattingPolicy = $2
		$2.inheritsSet = Mono
		$2.inheritsScope = text/x-csharp
		$2.scope = text/x-csharp
		$0.TextStylePolicy = $3
		$3.FileWidth = 120
		$3.TabWidth = 4
		$3.IndentWidth = 4
		$3.EolMarker = Unix
		$3.inheritsSet = Mono
		$3.inheritsScope = text/plain
		$3.scope = text/plain
	EndGlobalSection

EndGlobal
